<?xml version="1.0" encoding="utf-8"?>
<Project ToolsVersion="4.0" xmlns="http://schemas.microsoft.com/developer/msbuild/2003">
  <ItemGroup>
    <Filter Include="Source Files">
      <UniqueIdentifier>{f25ae32b-56cd-4fc9-91c1-af998529abfc}</UniqueIdentifier>
      <Extensions>cpp;c;cxx;rc;def;r;odl;idl;hpj;bat</Extensions>
    </Filter>
    <Filter Include="Header Files">
      <UniqueIdentifier>{64fd3f1b-9a19-4cd1-bbcb-63b9855da1d6}</UniqueIdentifier>
      <Extensions>h;hpp;hxx;hm;inl</Extensions>
    </Filter>
    <Filter Include="Resource Files">
      <UniqueIdentifier>{7ce87f77-7bc7-45c4-b98e-65a8a78bda93}</UniqueIdentifier>
      <Extensions>ico;cur;bmp;dlg;rc2;rct;bin;rgs;gif;jpg;jpeg;jpe</Extensions>
    </Filter>
  </ItemGroup>
  <ItemGroup>
    <ClCompile Include="AbnmdlDlg.cpp">
      <Filter>Source Files</Filter>
    </ClCompile>
    <ClCompile Include="CldetcDlg.cpp">
      <Filter>Source Files</Filter>
    </ClCompile>
    <ClCompile Include="Lib\Core.cpp">
      <Filter>Source Files</Filter>
    </ClCompile>
    <ClCompile Include="Lib\GDC.cpp">
      <Filter>Source Files</Filter>
    </ClCompile>
    <ClCompile Include="Lib\GeoLayer.cpp">
      <Filter>Source Files</Filter>
    </ClCompile>
    <ClCompile Include="Lib\GeoMath.cpp">
      <Filter>Source Files</Filter>
    </ClCompile>
    <ClCompile Include="Lib\Geometry.cpp">
      <Filter>Source Files</Filter>
    </ClCompile>
    <ClCompile Include="Lib\GeoTable.cpp">
      <Filter>Source Files</Filter>
    </ClCompile>
    <ClCompile Include="Lib\GMap.cpp">
      <Filter>Source Files</Filter>
    </ClCompile>
    <ClCompile Include="InputDlg.cpp">
      <Filter>Source Files</Filter>
    </ClCompile>
    <ClCompile Include="Lib\IProvider.cpp">
      <Filter>Source Files</Filter>
    </ClCompile>
    <ClCompile Include="Lib\Irmath.cpp">
      <Filter>Source Files</Filter>
    </ClCompile>
    <ClCompile Include="Lib\LDF.cpp">
      <Filter>Source Files</Filter>
    </ClCompile>
    <ClCompile Include="LDFProcess.cpp">
      <Filter>Source Files</Filter>
    </ClCompile>
    <ClCompile Include="LDFProcessDlg.cpp">
      <Filter>Source Files</Filter>
    </ClCompile>
    <ClCompile Include="LDFToPicture.cpp">
      <Filter>Source Files</Filter>
    </ClCompile>
    <ClCompile Include="OutputDlg.cpp">
      <Filter>Source Files</Filter>
    </ClCompile>
    <ClCompile Include="Lib\ShapeFile.cpp">
      <Filter>Source Files</Filter>
    </ClCompile>
    <ClCompile Include="Lib\ShapeProvider.cpp">
      <Filter>Source Files</Filter>
    </ClCompile>
    <ClCompile Include="StdAfx.cpp">
      <Filter>Source Files</Filter>
    </ClCompile>
    <ClCompile Include="Lib\Store.cpp">
      <Filter>Source Files</Filter>
    </ClCompile>
    <ClCompile Include="CalculateDlg.cpp">
      <Filter>Source Files</Filter>
    </ClCompile>
    <ClCompile Include="processUIThread.cpp">
      <Filter>Source Files</Filter>
    </ClCompile>
    <ClCompile Include="LegendDlg.cpp">
      <Filter>Source Files</Filter>
    </ClCompile>
    <ClCompile Include="SelectFolderDlg.cpp">
      <Filter>Source Files</Filter>
    </ClCompile>
    <ClCompile Include="ColorButton.cpp">
      <Filter>Source Files</Filter>
    </ClCompile>
    <ClCompile Include="ColourPopup.cpp">
      <Filter>Source Files</Filter>
    </ClCompile>
  </ItemGroup>
  <ItemGroup>
    <ResourceCompile Include="LDFProcess.rc">
      <Filter>Source Files</Filter>
    </ResourceCompile>
  </ItemGroup>
  <ItemGroup>
    <ClInclude Include="Lib\_ShapeFile.h">
      <Filter>Header Files</Filter>
    </ClInclude>
    <ClInclude Include="AbnmdlDlg.h">
      <Filter>Header Files</Filter>
    </ClInclude>
    <ClInclude Include="CldetcDlg.h">
      <Filter>Header Files</Filter>
    </ClInclude>
    <ClInclude Include="Lib\Core.h">
      <Filter>Header Files</Filter>
    </ClInclude>
    <ClInclude Include="Lib\GDC.h">
      <Filter>Header Files</Filter>
    </ClInclude>
    <ClInclude Include="Lib\GeoLayer.h">
      <Filter>Header Files</Filter>
    </ClInclude>
    <ClInclude Include="Lib\GeoMath.h">
      <Filter>Header Files</Filter>
    </ClInclude>
    <ClInclude Include="Lib\Geometry.h">
      <Filter>Header Files</Filter>
    </ClInclude>
    <ClInclude Include="Lib\GeoTable.h">
      <Filter>Header Files</Filter>
    </ClInclude>
    <ClInclude Include="Lib\GMap.h">
      <Filter>Header Files</Filter>
    </ClInclude>
    <ClInclude Include="InputDlg.h">
      <Filter>Header Files</Filter>
    </ClInclude>
    <ClInclude Include="Lib\IProvider.h">
      <Filter>Header Files</Filter>
    </ClInclude>
    <ClInclude Include="Lib\Irmath.h">
      <Filter>Header Files</Filter>
    </ClInclude>
    <ClInclude Include="Lib\LDF.h">
      <Filter>Header Files</Filter>
    </ClInclude>
    <ClInclude Include="LDFProcess.h">
      <Filter>Header Files</Filter>
    </ClInclude>
    <ClInclude Include="LDFProcessDlg.h">
      <Filter>Header Files</Filter>
    </ClInclude>
    <ClInclude Include="LDFToPicture.h">
      <Filter>Header Files</Filter>
    </ClInclude>
    <ClInclude Include="OutputDlg.h">
      <Filter>Header Files</Filter>
    </ClInclude>
    <ClInclude Include="Resource.h">
      <Filter>Header Files</Filter>
    </ClInclude>
    <ClInclude Include="SelectFolderDlg.h">
      <Filter>Header Files</Filter>
    </ClInclude>
    <ClInclude Include="Lib\ShapeFile.h">
      <Filter>Header Files</Filter>
    </ClInclude>
    <ClInclude Include="Lib\ShapeProvider.h">
      <Filter>Header Files</Filter>
    </ClInclude>
    <ClInclude Include="StdAfx.h">
      <Filter>Header Files</Filter>
    </ClInclude>
    <ClInclude Include="Lib\Store.h">
      <Filter>Header Files</Filter>
    </ClInclude>
    <ClInclude Include="CalculateDlg.h">
      <Filter>Header Files</Filter>
    </ClInclude>
    <ClInclude Include="processUIThread.h">
      <Filter>Header Files</Filter>
    </ClInclude>
    <ClInclude Include="LegendDlg.h">
      <Filter>Header Files</Filter>
    </ClInclude>
    <ClInclude Include="ColorButton.h">
      <Filter>Header Files</Filter>
    </ClInclude>
    <ClInclude Include="ColourPopup.h">
      <Filter>Header Files</Filter>
    </ClInclude>
  </ItemGroup>
  <ItemGroup>
    <CustomBuild Include="res\LDFProcess.ico">
      <Filter>Resource Files</Filter>
    </CustomBuild>
    <CustomBuild Include="res\LDFProcess.rc2">
      <Filter>Resource Files</Filter>
    </CustomBuild>
    <CustomBuild Include="ReadMe.txt" />
  </ItemGroup>
</Project>